// !$*UTF8*$!
{
	archiveVersion = 1;
	classes = {
	};
	objectVersion = 50;
	objects = {

/* Begin PBXBuildFile section */
		805E5EFCF1D3AFD4F5536FE4 /* Pods_ran01.framework in Frameworks */ = {isa = PBXBuildFile; fileRef = 0F642CB43DD56329125D37F8 /* Pods_ran01.framework */; };
		E70023E720B7F4C5002CEC74 /* AddRankItemCell.swift in Sources */ = {isa = PBXBuildFile; fileRef = E70023E620B7F4C5002CEC74 /* AddRankItemCell.swift */; };
		E70023E920B889BE002CEC74 /* AllRankingItemCell.swift in Sources */ = {isa = PBXBuildFile; fileRef = E70023E820B889BE002CEC74 /* AllRankingItemCell.swift */; };
		E70744E020BBEC6100BD38E9 /* EachRankCell.swift in Sources */ = {isa = PBXBuildFile; fileRef = E70744DF20BBEC6100BD38E9 /* EachRankCell.swift */; };
		E707452520BFD36000BD38E9 /* PropertyFindFriends.swift in Sources */ = {isa = PBXBuildFile; fileRef = E707452420BFD36000BD38E9 /* PropertyFindFriends.swift */; };
		E75AF9B320B23FEA000B9BDD /* AppDelegate.swift in Sources */ = {isa = PBXBuildFile; fileRef = E75AF9B220B23FEA000B9BDD /* AppDelegate.swift */; };
		E75AF9B520B23FEA000B9BDD /* AllRankVC.swift in Sources */ = {isa = PBXBuildFile; fileRef = E75AF9B420B23FEA000B9BDD /* AllRankVC.swift */; };
		E75AF9B720B23FEA000B9BDD /* FollowRankVC.swift in Sources */ = {isa = PBXBuildFile; fileRef = E75AF9B620B23FEA000B9BDD /* FollowRankVC.swift */; };
		E75AF9BA20B23FEA000B9BDD /* Main.storyboard in Resources */ = {isa = PBXBuildFile; fileRef = E75AF9B820B23FEA000B9BDD /* Main.storyboard */; };
		E75AF9BC20B23FEC000B9BDD /* Assets.xcassets in Resources */ = {isa = PBXBuildFile; fileRef = E75AF9BB20B23FEC000B9BDD /* Assets.xcassets */; };
		E75AF9BF20B23FEC000B9BDD /* LaunchScreen.storyboard in Resources */ = {isa = PBXBuildFile; fileRef = E75AF9BD20B23FEC000B9BDD /* LaunchScreen.storyboard */; };
		E75AF9CC20B240C3000B9BDD /* AuthVC.swift in Sources */ = {isa = PBXBuildFile; fileRef = E75AF9CB20B240C3000B9BDD /* AuthVC.swift */; };
		E75AF9CE20B240D3000B9BDD /* LoginVC.swift in Sources */ = {isa = PBXBuildFile; fileRef = E75AF9CD20B240D3000B9BDD /* LoginVC.swift */; };
		E75AF9D020B24120000B9BDD /* AddUserVC.swift in Sources */ = {isa = PBXBuildFile; fileRef = E75AF9CF20B24120000B9BDD /* AddUserVC.swift */; };
		E75AF9D220B24363000B9BDD /* MyRankVC.swift in Sources */ = {isa = PBXBuildFile; fileRef = E75AF9D120B24363000B9BDD /* MyRankVC.swift */; };
		E75AF9D420B24371000B9BDD /* FavoriteRankVC.swift in Sources */ = {isa = PBXBuildFile; fileRef = E75AF9D320B24371000B9BDD /* FavoriteRankVC.swift */; };
		E75AF9D620B24457000B9BDD /* PropertyVC.swift in Sources */ = {isa = PBXBuildFile; fileRef = E75AF9D520B24457000B9BDD /* PropertyVC.swift */; };
		E75AF9FA20B31DD4000B9BDD /* AddRankingVC.swift in Sources */ = {isa = PBXBuildFile; fileRef = E75AF9F920B31DD4000B9BDD /* AddRankingVC.swift */; };
		E75AF9FE20B371AD000B9BDD /* AddRankDetailVC.swift in Sources */ = {isa = PBXBuildFile; fileRef = E75AF9FD20B371AD000B9BDD /* AddRankDetailVC.swift */; };
		E78DCF7F20C10A2000DB28ED /* PropertyFindFriendsCell.swift in Sources */ = {isa = PBXBuildFile; fileRef = E78DCF7E20C10A2000DB28ED /* PropertyFindFriendsCell.swift */; };
		E78DCF8120C25A8500DB28ED /* Friend.swift in Sources */ = {isa = PBXBuildFile; fileRef = E78DCF8020C25A8500DB28ED /* Friend.swift */; };
		E78DCF8320C2747500DB28ED /* SendFriendRequestVC.swift in Sources */ = {isa = PBXBuildFile; fileRef = E78DCF8220C2747500DB28ED /* SendFriendRequestVC.swift */; };
		E78DCF8520C32E0600DB28ED /* FollowMemberVC.swift in Sources */ = {isa = PBXBuildFile; fileRef = E78DCF8420C32E0600DB28ED /* FollowMemberVC.swift */; };
		E78DCF8720C32E1800DB28ED /* FollowerMemberVC.swift in Sources */ = {isa = PBXBuildFile; fileRef = E78DCF8620C32E1800DB28ED /* FollowerMemberVC.swift */; };
		E78DCF8920C3987D00DB28ED /* FollowMemberCell.swift in Sources */ = {isa = PBXBuildFile; fileRef = E78DCF8820C3987C00DB28ED /* FollowMemberCell.swift */; };
		E78DCF8B20C3988D00DB28ED /* FollowerMemberCell.swift in Sources */ = {isa = PBXBuildFile; fileRef = E78DCF8A20C3988D00DB28ED /* FollowerMemberCell.swift */; };
		E78DCF8D20C513DA00DB28ED /* FollowRankingItemCell.swift in Sources */ = {isa = PBXBuildFile; fileRef = E78DCF8C20C513DA00DB28ED /* FollowRankingItemCell.swift */; };
		E78DCF8F20C5141000DB28ED /* MyRankingItemCell.swift in Sources */ = {isa = PBXBuildFile; fileRef = E78DCF8E20C5141000DB28ED /* MyRankingItemCell.swift */; };
		E78DCF9120C5142000DB28ED /* FavoriteRankingItemCell.swift in Sources */ = {isa = PBXBuildFile; fileRef = E78DCF9020C5142000DB28ED /* FavoriteRankingItemCell.swift */; };
		E7C10E4520B3D062007E5454 /* EachRankVC.swift in Sources */ = {isa = PBXBuildFile; fileRef = E7C10E4420B3D062007E5454 /* EachRankVC.swift */; };
		E7C10E8320B50524007E5454 /* AddCommentVC.swift in Sources */ = {isa = PBXBuildFile; fileRef = E7C10E8220B50524007E5454 /* AddCommentVC.swift */; };
		E7C10E8520B61697007E5454 /* DataService.swift in Sources */ = {isa = PBXBuildFile; fileRef = E7C10E8420B61697007E5454 /* DataService.swift */; };
		E7C10E8720B61748007E5454 /* Property.swift in Sources */ = {isa = PBXBuildFile; fileRef = E7C10E8620B61748007E5454 /* Property.swift */; };
		E7C10E8920B61958007E5454 /* PropertyCell.swift in Sources */ = {isa = PBXBuildFile; fileRef = E7C10E8820B61958007E5454 /* PropertyCell.swift */; };
		E7C10E8B20B61D9F007E5454 /* PropertyMeVC.swift in Sources */ = {isa = PBXBuildFile; fileRef = E7C10E8A20B61D9F007E5454 /* PropertyMeVC.swift */; };
		E7C10E8F20B61DEB007E5454 /* PropertyLogoutVC.swift in Sources */ = {isa = PBXBuildFile; fileRef = E7C10E8E20B61DEB007E5454 /* PropertyLogoutVC.swift */; };
		E7C10E9120B648E0007E5454 /* GoogleService-Info.plist in Resources */ = {isa = PBXBuildFile; fileRef = E7C10E9020B648E0007E5454 /* GoogleService-Info.plist */; };
		E7C10E9320B66625007E5454 /* AuthService.swift in Sources */ = {isa = PBXBuildFile; fileRef = E7C10E9220B66625007E5454 /* AuthService.swift */; };
		E7C10E9520B78867007E5454 /* CreateRankingVC.swift in Sources */ = {isa = PBXBuildFile; fileRef = E7C10E9420B78867007E5454 /* CreateRankingVC.swift */; };
		E7C10E9720B79417007E5454 /* TimeService.swift in Sources */ = {isa = PBXBuildFile; fileRef = E7C10E9620B79417007E5454 /* TimeService.swift */; };
		E7C10E9920B795BB007E5454 /* PropertyService.swift in Sources */ = {isa = PBXBuildFile; fileRef = E7C10E9820B795BB007E5454 /* PropertyService.swift */; };
		E7C10E9B20B7D936007E5454 /* RankItem.swift in Sources */ = {isa = PBXBuildFile; fileRef = E7C10E9A20B7D936007E5454 /* RankItem.swift */; };
		E7C10E9D20B7DBCD007E5454 /* Ranking.swift in Sources */ = {isa = PBXBuildFile; fileRef = E7C10E9C20B7DBCD007E5454 /* Ranking.swift */; };
		E7C10E9F20B7E80B007E5454 /* UIViewControllerExt.swift in Sources */ = {isa = PBXBuildFile; fileRef = E7C10E9E20B7E80B007E5454 /* UIViewControllerExt.swift */; };
/* End PBXBuildFile section */

/* Begin PBXFileReference section */
		0F642CB43DD56329125D37F8 /* Pods_ran01.framework */ = {isa = PBXFileReference; explicitFileType = wrapper.framework; includeInIndex = 0; path = Pods_ran01.framework; sourceTree = BUILT_PRODUCTS_DIR; };
		547DC45A7FCE0E40E7D86527 /* Pods-ran01.debug.xcconfig */ = {isa = PBXFileReference; includeInIndex = 1; lastKnownFileType = text.xcconfig; name = "Pods-ran01.debug.xcconfig"; path = "Pods/Target Support Files/Pods-ran01/Pods-ran01.debug.xcconfig"; sourceTree = "<group>"; };
		AB22177D99947E444B98382B /* Pods-ran01.release.xcconfig */ = {isa = PBXFileReference; includeInIndex = 1; lastKnownFileType = text.xcconfig; name = "Pods-ran01.release.xcconfig"; path = "Pods/Target Support Files/Pods-ran01/Pods-ran01.release.xcconfig"; sourceTree = "<group>"; };
		E70023E620B7F4C5002CEC74 /* AddRankItemCell.swift */ = {isa = PBXFileReference; lastKnownFileType = sourcecode.swift; path = AddRankItemCell.swift; sourceTree = "<group>"; };
		E70023E820B889BE002CEC74 /* AllRankingItemCell.swift */ = {isa = PBXFileReference; lastKnownFileType = sourcecode.swift; path = AllRankingItemCell.swift; sourceTree = "<group>"; };
		E70744DF20BBEC6100BD38E9 /* EachRankCell.swift */ = {isa = PBXFileReference; lastKnownFileType = sourcecode.swift; path = EachRankCell.swift; sourceTree = "<group>"; };
		E707452420BFD36000BD38E9 /* PropertyFindFriends.swift */ = {isa = PBXFileReference; lastKnownFileType = sourcecode.swift; path = PropertyFindFriends.swift; sourceTree = "<group>"; };
		E75AF9AF20B23FEA000B9BDD /* ran01.app */ = {isa = PBXFileReference; explicitFileType = wrapper.application; includeInIndex = 0; path = ran01.app; sourceTree = BUILT_PRODUCTS_DIR; };
		E75AF9B220B23FEA000B9BDD /* AppDelegate.swift */ = {isa = PBXFileReference; lastKnownFileType = sourcecode.swift; path = AppDelegate.swift; sourceTree = "<group>"; };
		E75AF9B420B23FEA000B9BDD /* AllRankVC.swift */ = {isa = PBXFileReference; lastKnownFileType = sourcecode.swift; path = AllRankVC.swift; sourceTree = "<group>"; };
		E75AF9B620B23FEA000B9BDD /* FollowRankVC.swift */ = {isa = PBXFileReference; lastKnownFileType = sourcecode.swift; path = FollowRankVC.swift; sourceTree = "<group>"; };
		E75AF9B920B23FEA000B9BDD /* Base */ = {isa = PBXFileReference; lastKnownFileType = file.storyboard; name = Base; path = Base.lproj/Main.storyboard; sourceTree = "<group>"; };
		E75AF9BB20B23FEC000B9BDD /* Assets.xcassets */ = {isa = PBXFileReference; lastKnownFileType = folder.assetcatalog; path = Assets.xcassets; sourceTree = "<group>"; };
		E75AF9BE20B23FEC000B9BDD /* Base */ = {isa = PBXFileReference; lastKnownFileType = file.storyboard; name = Base; path = Base.lproj/LaunchScreen.storyboard; sourceTree = "<group>"; };
		E75AF9C020B23FEC000B9BDD /* Info.plist */ = {isa = PBXFileReference; lastKnownFileType = text.plist.xml; path = Info.plist; sourceTree = "<group>"; };
		E75AF9CB20B240C3000B9BDD /* AuthVC.swift */ = {isa = PBXFileReference; lastKnownFileType = sourcecode.swift; path = AuthVC.swift; sourceTree = "<group>"; };
		E75AF9CD20B240D3000B9BDD /* LoginVC.swift */ = {isa = PBXFileReference; lastKnownFileType = sourcecode.swift; path = LoginVC.swift; sourceTree = "<group>"; };
		E75AF9CF20B24120000B9BDD /* AddUserVC.swift */ = {isa = PBXFileReference; lastKnownFileType = sourcecode.swift; path = AddUserVC.swift; sourceTree = "<group>"; };
		E75AF9D120B24363000B9BDD /* MyRankVC.swift */ = {isa = PBXFileReference; lastKnownFileType = sourcecode.swift; path = MyRankVC.swift; sourceTree = "<group>"; };
		E75AF9D320B24371000B9BDD /* FavoriteRankVC.swift */ = {isa = PBXFileReference; lastKnownFileType = sourcecode.swift; path = FavoriteRankVC.swift; sourceTree = "<group>"; };
		E75AF9D520B24457000B9BDD /* PropertyVC.swift */ = {isa = PBXFileReference; lastKnownFileType = sourcecode.swift; path = PropertyVC.swift; sourceTree = "<group>"; };
		E75AF9F920B31DD4000B9BDD /* AddRankingVC.swift */ = {isa = PBXFileReference; lastKnownFileType = sourcecode.swift; path = AddRankingVC.swift; sourceTree = "<group>"; };
		E75AF9FD20B371AD000B9BDD /* AddRankDetailVC.swift */ = {isa = PBXFileReference; lastKnownFileType = sourcecode.swift; path = AddRankDetailVC.swift; sourceTree = "<group>"; };
		E78DCF7E20C10A2000DB28ED /* PropertyFindFriendsCell.swift */ = {isa = PBXFileReference; lastKnownFileType = sourcecode.swift; path = PropertyFindFriendsCell.swift; sourceTree = "<group>"; };
		E78DCF8020C25A8500DB28ED /* Friend.swift */ = {isa = PBXFileReference; lastKnownFileType = sourcecode.swift; path = Friend.swift; sourceTree = "<group>"; };
		E78DCF8220C2747500DB28ED /* SendFriendRequestVC.swift */ = {isa = PBXFileReference; lastKnownFileType = sourcecode.swift; path = SendFriendRequestVC.swift; sourceTree = "<group>"; };
		E78DCF8420C32E0600DB28ED /* FollowMemberVC.swift */ = {isa = PBXFileReference; lastKnownFileType = sourcecode.swift; path = FollowMemberVC.swift; sourceTree = "<group>"; };
		E78DCF8620C32E1800DB28ED /* FollowerMemberVC.swift */ = {isa = PBXFileReference; lastKnownFileType = sourcecode.swift; path = FollowerMemberVC.swift; sourceTree = "<group>"; };
		E78DCF8820C3987C00DB28ED /* FollowMemberCell.swift */ = {isa = PBXFileReference; lastKnownFileType = sourcecode.swift; path = FollowMemberCell.swift; sourceTree = "<group>"; };
		E78DCF8A20C3988D00DB28ED /* FollowerMemberCell.swift */ = {isa = PBXFileReference; lastKnownFileType = sourcecode.swift; path = FollowerMemberCell.swift; sourceTree = "<group>"; };
		E78DCF8C20C513DA00DB28ED /* FollowRankingItemCell.swift */ = {isa = PBXFileReference; lastKnownFileType = sourcecode.swift; path = FollowRankingItemCell.swift; sourceTree = "<group>"; };
		E78DCF8E20C5141000DB28ED /* MyRankingItemCell.swift */ = {isa = PBXFileReference; lastKnownFileType = sourcecode.swift; path = MyRankingItemCell.swift; sourceTree = "<group>"; };
		E78DCF9020C5142000DB28ED /* FavoriteRankingItemCell.swift */ = {isa = PBXFileReference; lastKnownFileType = sourcecode.swift; path = FavoriteRankingItemCell.swift; sourceTree = "<group>"; };
		E7C10E4420B3D062007E5454 /* EachRankVC.swift */ = {isa = PBXFileReference; lastKnownFileType = sourcecode.swift; path = EachRankVC.swift; sourceTree = "<group>"; };
		E7C10E8220B50524007E5454 /* AddCommentVC.swift */ = {isa = PBXFileReference; lastKnownFileType = sourcecode.swift; path = AddCommentVC.swift; sourceTree = "<group>"; };
		E7C10E8420B61697007E5454 /* DataService.swift */ = {isa = PBXFileReference; lastKnownFileType = sourcecode.swift; path = DataService.swift; sourceTree = "<group>"; };
		E7C10E8620B61748007E5454 /* Property.swift */ = {isa = PBXFileReference; lastKnownFileType = sourcecode.swift; path = Property.swift; sourceTree = "<group>"; };
		E7C10E8820B61958007E5454 /* PropertyCell.swift */ = {isa = PBXFileReference; lastKnownFileType = sourcecode.swift; path = PropertyCell.swift; sourceTree = "<group>"; };
		E7C10E8A20B61D9F007E5454 /* PropertyMeVC.swift */ = {isa = PBXFileReference; lastKnownFileType = sourcecode.swift; path = PropertyMeVC.swift; sourceTree = "<group>"; };
		E7C10E8E20B61DEB007E5454 /* PropertyLogoutVC.swift */ = {isa = PBXFileReference; lastKnownFileType = sourcecode.swift; path = PropertyLogoutVC.swift; sourceTree = "<group>"; };
		E7C10E9020B648E0007E5454 /* GoogleService-Info.plist */ = {isa = PBXFileReference; fileEncoding = 4; lastKnownFileType = text.plist.xml; path = "GoogleService-Info.plist"; sourceTree = "<group>"; };
		E7C10E9220B66625007E5454 /* AuthService.swift */ = {isa = PBXFileReference; lastKnownFileType = sourcecode.swift; path = AuthService.swift; sourceTree = "<group>"; };
		E7C10E9420B78867007E5454 /* CreateRankingVC.swift */ = {isa = PBXFileReference; lastKnownFileType = sourcecode.swift; path = CreateRankingVC.swift; sourceTree = "<group>"; };
		E7C10E9620B79417007E5454 /* TimeService.swift */ = {isa = PBXFileReference; lastKnownFileType = sourcecode.swift; path = TimeService.swift; sourceTree = "<group>"; };
		E7C10E9820B795BB007E5454 /* PropertyService.swift */ = {isa = PBXFileReference; lastKnownFileType = sourcecode.swift; path = PropertyService.swift; sourceTree = "<group>"; };
		E7C10E9A20B7D936007E5454 /* RankItem.swift */ = {isa = PBXFileReference; lastKnownFileType = sourcecode.swift; path = RankItem.swift; sourceTree = "<group>"; };
		E7C10E9C20B7DBCD007E5454 /* Ranking.swift */ = {isa = PBXFileReference; lastKnownFileType = sourcecode.swift; path = Ranking.swift; sourceTree = "<group>"; };
		E7C10E9E20B7E80B007E5454 /* UIViewControllerExt.swift */ = {isa = PBXFileReference; lastKnownFileType = sourcecode.swift; path = UIViewControllerExt.swift; sourceTree = "<group>"; };
/* End PBXFileReference section */

/* Begin PBXFrameworksBuildPhase section */
		E75AF9AC20B23FEA000B9BDD /* Frameworks */ = {
			isa = PBXFrameworksBuildPhase;
			buildActionMask = 2147483647;
			files = (
				805E5EFCF1D3AFD4F5536FE4 /* Pods_ran01.framework in Frameworks */,
			);
			runOnlyForDeploymentPostprocessing = 0;
		};
/* End PBXFrameworksBuildPhase section */

/* Begin PBXGroup section */
		0C632E648E53ADDDB4DC20C2 /* Pods */ = {
			isa = PBXGroup;
			children = (
				547DC45A7FCE0E40E7D86527 /* Pods-ran01.debug.xcconfig */,
				AB22177D99947E444B98382B /* Pods-ran01.release.xcconfig */,
			);
			name = Pods;
			sourceTree = "<group>";
		};
		E14A1B812DBA0CBFDAF586F7 /* Frameworks */ = {
			isa = PBXGroup;
			children = (
				0F642CB43DD56329125D37F8 /* Pods_ran01.framework */,
			);
			name = Frameworks;
			sourceTree = "<group>";
		};
		E75AF9A620B23FEA000B9BDD = {
			isa = PBXGroup;
			children = (
				E75AF9B120B23FEA000B9BDD /* ran01 */,
				E75AF9B020B23FEA000B9BDD /* Products */,
				0C632E648E53ADDDB4DC20C2 /* Pods */,
				E14A1B812DBA0CBFDAF586F7 /* Frameworks */,
			);
			sourceTree = "<group>";
		};
		E75AF9B020B23FEA000B9BDD /* Products */ = {
			isa = PBXGroup;
			children = (
				E75AF9AF20B23FEA000B9BDD /* ran01.app */,
			);
			name = Products;
			sourceTree = "<group>";
		};
		E75AF9B120B23FEA000B9BDD /* ran01 */ = {
			isa = PBXGroup;
			children = (
				E75AF9CA20B240A5000B9BDD /* Services */,
				E75AF9C920B2409E000B9BDD /* Extension */,
				E75AF9C820B24097000B9BDD /* Model */,
				E75AF9C720B24092000B9BDD /* View */,
				E75AF9C620B24057000B9BDD /* Controller */,
				E75AF9B220B23FEA000B9BDD /* AppDelegate.swift */,
				E75AF9B820B23FEA000B9BDD /* Main.storyboard */,
				E75AF9BB20B23FEC000B9BDD /* Assets.xcassets */,
				E75AF9BD20B23FEC000B9BDD /* LaunchScreen.storyboard */,
				E75AF9C020B23FEC000B9BDD /* Info.plist */,
				E7C10E9020B648E0007E5454 /* GoogleService-Info.plist */,
			);
			path = ran01;
			sourceTree = "<group>";
		};
		E75AF9C620B24057000B9BDD /* Controller */ = {
			isa = PBXGroup;
			children = (
				E75AF9CB20B240C3000B9BDD /* AuthVC.swift */,
				E75AF9CD20B240D3000B9BDD /* LoginVC.swift */,
				E75AF9CF20B24120000B9BDD /* AddUserVC.swift */,
				E75AF9B420B23FEA000B9BDD /* AllRankVC.swift */,
				E75AF9B620B23FEA000B9BDD /* FollowRankVC.swift */,
				E75AF9D120B24363000B9BDD /* MyRankVC.swift */,
				E75AF9D320B24371000B9BDD /* FavoriteRankVC.swift */,
				E75AF9D520B24457000B9BDD /* PropertyVC.swift */,
				E7C10E9420B78867007E5454 /* CreateRankingVC.swift */,
				E75AF9FD20B371AD000B9BDD /* AddRankDetailVC.swift */,
				E75AF9F920B31DD4000B9BDD /* AddRankingVC.swift */,
				E7C10E4420B3D062007E5454 /* EachRankVC.swift */,
				E7C10E8220B50524007E5454 /* AddCommentVC.swift */,
				E7C10E8A20B61D9F007E5454 /* PropertyMeVC.swift */,
				E707452420BFD36000BD38E9 /* PropertyFindFriends.swift */,
				E7C10E8E20B61DEB007E5454 /* PropertyLogoutVC.swift */,
				E78DCF8220C2747500DB28ED /* SendFriendRequestVC.swift */,
				E78DCF8420C32E0600DB28ED /* FollowMemberVC.swift */,
				E78DCF8620C32E1800DB28ED /* FollowerMemberVC.swift */,
			);
			path = Controller;
			sourceTree = "<group>";
		};
		E75AF9C720B24092000B9BDD /* View */ = {
			isa = PBXGroup;
			children = (
				E7C10E8820B61958007E5454 /* PropertyCell.swift */,
				E70023E620B7F4C5002CEC74 /* AddRankItemCell.swift */,
				E70023E820B889BE002CEC74 /* AllRankingItemCell.swift */,
				E70744DF20BBEC6100BD38E9 /* EachRankCell.swift */,
				E78DCF7E20C10A2000DB28ED /* PropertyFindFriendsCell.swift */,
				E78DCF8820C3987C00DB28ED /* FollowMemberCell.swift */,
				E78DCF8A20C3988D00DB28ED /* FollowerMemberCell.swift */,
				E78DCF8C20C513DA00DB28ED /* FollowRankingItemCell.swift */,
				E78DCF8E20C5141000DB28ED /* MyRankingItemCell.swift */,
				E78DCF9020C5142000DB28ED /* FavoriteRankingItemCell.swift */,
			);
			path = View;
			sourceTree = "<group>";
		};
		E75AF9C820B24097000B9BDD /* Model */ = {
			isa = PBXGroup;
			children = (
				E7C10E8620B61748007E5454 /* Property.swift */,
				E7C10E9C20B7DBCD007E5454 /* Ranking.swift */,
				E7C10E9A20B7D936007E5454 /* RankItem.swift */,
				E78DCF8020C25A8500DB28ED /* Friend.swift */,
			);
			path = Model;
			sourceTree = "<group>";
		};
		E75AF9C920B2409E000B9BDD /* Extension */ = {
			isa = PBXGroup;
			children = (
				E7C10E9E20B7E80B007E5454 /* UIViewControllerExt.swift */,
			);
			path = Extension;
			sourceTree = "<group>";
		};
		E75AF9CA20B240A5000B9BDD /* Services */ = {
			isa = PBXGroup;
			children = (
				E7C10E8420B61697007E5454 /* DataService.swift */,
				E7C10E9220B66625007E5454 /* AuthService.swift */,
				E7C10E9620B79417007E5454 /* TimeService.swift */,
				E7C10E9820B795BB007E5454 /* PropertyService.swift */,
			);
			path = Services;
			sourceTree = "<group>";
		};
/* End PBXGroup section */

/* Begin PBXNativeTarget section */
		E75AF9AE20B23FEA000B9BDD /* ran01 */ = {
			isa = PBXNativeTarget;
			buildConfigurationList = E75AF9C320B23FEC000B9BDD /* Build configuration list for PBXNativeTarget "ran01" */;
			buildPhases = (
				795390D4D53FAE1267110A86 /* [CP] Check Pods Manifest.lock */,
				E75AF9AB20B23FEA000B9BDD /* Sources */,
				E75AF9AC20B23FEA000B9BDD /* Frameworks */,
				E75AF9AD20B23FEA000B9BDD /* Resources */,
				548D610D3E561C713019F53C /* [CP] Embed Pods Frameworks */,
			);
			buildRules = (
			);
			dependencies = (
			);
			name = ran01;
			productName = ran01;
			productReference = E75AF9AF20B23FEA000B9BDD /* ran01.app */;
			productType = "com.apple.product-type.application";
		};
/* End PBXNativeTarget section */

/* Begin PBXProject section */
		E75AF9A720B23FEA000B9BDD /* Project object */ = {
			isa = PBXProject;
			attributes = {
				LastSwiftUpdateCheck = 0930;
				LastUpgradeCheck = 0930;
				ORGANIZATIONNAME = "Koki Tabayashi";
				TargetAttributes = {
					E75AF9AE20B23FEA000B9BDD = {
						CreatedOnToolsVersion = 9.3.1;
					};
				};
			};
			buildConfigurationList = E75AF9AA20B23FEA000B9BDD /* Build configuration list for PBXProject "ran01" */;
			compatibilityVersion = "Xcode 9.3";
			developmentRegion = en;
			hasScannedForEncodings = 0;
			knownRegions = (
				en,
				Base,
			);
			mainGroup = E75AF9A620B23FEA000B9BDD;
			productRefGroup = E75AF9B020B23FEA000B9BDD /* Products */;
			projectDirPath = "";
			projectRoot = "";
			targets = (
				E75AF9AE20B23FEA000B9BDD /* ran01 */,
			);
		};
/* End PBXProject section */

/* Begin PBXResourcesBuildPhase section */
		E75AF9AD20B23FEA000B9BDD /* Resources */ = {
			isa = PBXResourcesBuildPhase;
			buildActionMask = 2147483647;
			files = (
				E75AF9BF20B23FEC000B9BDD /* LaunchScreen.storyboard in Resources */,
				E7C10E9120B648E0007E5454 /* GoogleService-Info.plist in Resources */,
				E75AF9BC20B23FEC000B9BDD /* Assets.xcassets in Resources */,
				E75AF9BA20B23FEA000B9BDD /* Main.storyboard in Resources */,
			);
			runOnlyForDeploymentPostprocessing = 0;
		};
/* End PBXResourcesBuildPhase section */

/* Begin PBXShellScriptBuildPhase section */
		548D610D3E561C713019F53C /* [CP] Embed Pods Frameworks */ = {
			isa = PBXShellScriptBuildPhase;
			buildActionMask = 2147483647;
			files = (
			);
			inputPaths = (
				"${SRCROOT}/Pods/Target Support Files/Pods-ran01/Pods-ran01-frameworks.sh",
				"${BUILT_PRODUCTS_DIR}/GTMSessionFetcher/GTMSessionFetcher.framework",
				"${BUILT_PRODUCTS_DIR}/GoogleToolboxForMac/GoogleToolboxForMac.framework",
				"${BUILT_PRODUCTS_DIR}/leveldb-library/leveldb.framework",
				"${BUILT_PRODUCTS_DIR}/nanopb/nanopb.framework",
			);
			name = "[CP] Embed Pods Frameworks";
			outputPaths = (
				"${TARGET_BUILD_DIR}/${FRAMEWORKS_FOLDER_PATH}/GTMSessionFetcher.framework",
				"${TARGET_BUILD_DIR}/${FRAMEWORKS_FOLDER_PATH}/GoogleToolboxForMac.framework",
				"${TARGET_BUILD_DIR}/${FRAMEWORKS_FOLDER_PATH}/leveldb.framework",
				"${TARGET_BUILD_DIR}/${FRAMEWORKS_FOLDER_PATH}/nanopb.framework",
			);
			runOnlyForDeploymentPostprocessing = 0;
			shellPath = /bin/sh;
			shellScript = "\"${SRCROOT}/Pods/Target Support Files/Pods-ran01/Pods-ran01-frameworks.sh\"\n";
			showEnvVarsInLog = 0;
		};
		795390D4D53FAE1267110A86 /* [CP] Check Pods Manifest.lock */ = {
			isa = PBXShellScriptBuildPhase;
			buildActionMask = 2147483647;
			files = (
			);
			inputPaths = (
				"${PODS_PODFILE_DIR_PATH}/Podfile.lock",
				"${PODS_ROOT}/Manifest.lock",
			);
			name = "[CP] Check Pods Manifest.lock";
			outputPaths = (
				"$(DERIVED_FILE_DIR)/Pods-ran01-checkManifestLockResult.txt",
			);
			runOnlyForDeploymentPostprocessing = 0;
			shellPath = /bin/sh;
			shellScript = "diff \"${PODS_PODFILE_DIR_PATH}/Podfile.lock\" \"${PODS_ROOT}/Manifest.lock\" > /dev/null\nif [ $? != 0 ] ; then\n    # print error to STDERR\n    echo \"error: The sandbox is not in sync with the Podfile.lock. Run 'pod install' or update your CocoaPods installation.\" >&2\n    exit 1\nfi\n# This output is used by Xcode 'outputs' to avoid re-running this script phase.\necho \"SUCCESS\" > \"${SCRIPT_OUTPUT_FILE_0}\"\n";
			showEnvVarsInLog = 0;
		};
/* End PBXShellScriptBuildPhase section */

/* Begin PBXSourcesBuildPhase section */
		E75AF9AB20B23FEA000B9BDD /* Sources */ = {
			isa = PBXSourcesBuildPhase;
			buildActionMask = 2147483647;
			files = (
				E7C10E9B20B7D936007E5454 /* RankItem.swift in Sources */,
				E7C10E8720B61748007E5454 /* Property.swift in Sources */,
				E75AF9B720B23FEA000B9BDD /* FollowRankVC.swift in Sources */,
				E7C10E8920B61958007E5454 /* PropertyCell.swift in Sources */,
				E7C10E8520B61697007E5454 /* DataService.swift in Sources */,
				E7C10E9F20B7E80B007E5454 /* UIViewControllerExt.swift in Sources */,
				E70023E920B889BE002CEC74 /* AllRankingItemCell.swift in Sources */,
				E75AF9FE20B371AD000B9BDD /* AddRankDetailVC.swift in Sources */,
				E75AF9FA20B31DD4000B9BDD /* AddRankingVC.swift in Sources */,
				E7C10E9320B66625007E5454 /* AuthService.swift in Sources */,
				E7C10E9720B79417007E5454 /* TimeService.swift in Sources */,
				E70023E720B7F4C5002CEC74 /* AddRankItemCell.swift in Sources */,
				E75AF9D420B24371000B9BDD /* FavoriteRankVC.swift in Sources */,
				E7C10E9D20B7DBCD007E5454 /* Ranking.swift in Sources */,
				E78DCF8720C32E1800DB28ED /* FollowerMemberVC.swift in Sources */,
				E75AF9D020B24120000B9BDD /* AddUserVC.swift in Sources */,
				E78DCF7F20C10A2000DB28ED /* PropertyFindFriendsCell.swift in Sources */,
				E78DCF8F20C5141000DB28ED /* MyRankingItemCell.swift in Sources */,
				E7C10E8B20B61D9F007E5454 /* PropertyMeVC.swift in Sources */,
				E7C10E8F20B61DEB007E5454 /* PropertyLogoutVC.swift in Sources */,
				E75AF9B320B23FEA000B9BDD /* AppDelegate.swift in Sources */,
				E78DCF8D20C513DA00DB28ED /* FollowRankingItemCell.swift in Sources */,
				E70744E020BBEC6100BD38E9 /* EachRankCell.swift in Sources */,
				E78DCF8B20C3988D00DB28ED /* FollowerMemberCell.swift in Sources */,
				E75AF9D220B24363000B9BDD /* MyRankVC.swift in Sources */,
				E75AF9CC20B240C3000B9BDD /* AuthVC.swift in Sources */,
				E707452520BFD36000BD38E9 /* PropertyFindFriends.swift in Sources */,
				E75AF9B520B23FEA000B9BDD /* AllRankVC.swift in Sources */,
				E78DCF8920C3987D00DB28ED /* FollowMemberCell.swift in Sources */,
				E78DCF8320C2747500DB28ED /* SendFriendRequestVC.swift in Sources */,
				E7C10E9520B78867007E5454 /* CreateRankingVC.swift in Sources */,
				E7C10E4520B3D062007E5454 /* EachRankVC.swift in Sources */,
				E78DCF8120C25A8500DB28ED /* Friend.swift in Sources */,
				E7C10E9920B795BB007E5454 /* PropertyService.swift in Sources */,
				E78DCF9120C5142000DB28ED /* FavoriteRankingItemCell.swift in Sources */,
				E78DCF8520C32E0600DB28ED /* FollowMemberVC.swift in Sources */,
				E75AF9D620B24457000B9BDD /* PropertyVC.swift in Sources */,
				E75AF9CE20B240D3000B9BDD /* LoginVC.swift in Sources */,
				E7C10E8320B50524007E5454 /* AddCommentVC.swift in Sources */,
			);
			runOnlyForDeploymentPostprocessing = 0;
		};
/* End PBXSourcesBuildPhase section */

/* Begin PBXVariantGroup section */
		E75AF9B820B23FEA000B9BDD /* Main.storyboard */ = {
			isa = PBXVariantGroup;
			children = (
				E75AF9B920B23FEA000B9BDD /* Base */,
			);
			name = Main.storyboard;
			sourceTree = "<group>";
		};
		E75AF9BD20B23FEC000B9BDD /* LaunchScreen.storyboard */ = {
			isa = PBXVariantGroup;
			children = (
				E75AF9BE20B23FEC000B9BDD /* Base */,
			);
			name = LaunchScreen.storyboard;
			sourceTree = "<group>";
		};
/* End PBXVariantGroup section */

/* Begin XCBuildConfiguration section */
		E75AF9C120B23FEC000B9BDD /* Debug */ = {
			isa = XCBuildConfiguration;
			buildSettings = {
				ALWAYS_SEARCH_USER_PATHS = NO;
				CLANG_ANALYZER_NONNULL = YES;
				CLANG_ANALYZER_NUMBER_OBJECT_CONVERSION = YES_AGGRESSIVE;
				CLANG_CXX_LANGUAGE_STANDARD = "gnu++14";
				CLANG_CXX_LIBRARY = "libc++";
				CLANG_ENABLE_MODULES = YES;
				CLANG_ENABLE_OBJC_ARC = YES;
				CLANG_ENABLE_OBJC_WEAK = YES;
				CLANG_WARN_BLOCK_CAPTURE_AUTORELEASING = YES;
				CLANG_WARN_BOOL_CONVERSION = YES;
				CLANG_WARN_COMMA = YES;
				CLANG_WARN_CONSTANT_CONVERSION = YES;
				CLANG_WARN_DEPRECATED_OBJC_IMPLEMENTATIONS = YES;
				CLANG_WARN_DIRECT_OBJC_ISA_USAGE = YES_ERROR;
				CLANG_WARN_DOCUMENTATION_COMMENTS = YES;
				CLANG_WARN_EMPTY_BODY = YES;
				CLANG_WARN_ENUM_CONVERSION = YES;
				CLANG_WARN_INFINITE_RECURSION = YES;
				CLANG_WARN_INT_CONVERSION = YES;
				CLANG_WARN_NON_LITERAL_NULL_CONVERSION = YES;
				CLANG_WARN_OBJC_IMPLICIT_RETAIN_SELF = YES;
				CLANG_WARN_OBJC_LITERAL_CONVERSION = YES;
				CLANG_WARN_OBJC_ROOT_CLASS = YES_ERROR;
				CLANG_WARN_RANGE_LOOP_ANALYSIS = YES;
				CLANG_WARN_STRICT_PROTOTYPES = YES;
				CLANG_WARN_SUSPICIOUS_MOVE = YES;
				CLANG_WARN_UNGUARDED_AVAILABILITY = YES_AGGRESSIVE;
				CLANG_WARN_UNREACHABLE_CODE = YES;
				CLANG_WARN__DUPLICATE_METHOD_MATCH = YES;
				CODE_SIGN_IDENTITY = "iPhone Developer";
				COPY_PHASE_STRIP = NO;
				DEBUG_INFORMATION_FORMAT = dwarf;
				ENABLE_STRICT_OBJC_MSGSEND = YES;
				ENABLE_TESTABILITY = YES;
				GCC_C_LANGUAGE_STANDARD = gnu11;
				GCC_DYNAMIC_NO_PIC = NO;
				GCC_NO_COMMON_BLOCKS = YES;
				GCC_OPTIMIZATION_LEVEL = 0;
				GCC_PREPROCESSOR_DEFINITIONS = (
					"DEBUG=1",
					"$(inherited)",
				);
				GCC_WARN_64_TO_32_BIT_CONVERSION = YES;
				GCC_WARN_ABOUT_RETURN_TYPE = YES_ERROR;
				GCC_WARN_UNDECLARED_SELECTOR = YES;
				GCC_WARN_UNINITIALIZED_AUTOS = YES_AGGRESSIVE;
				GCC_WARN_UNUSED_FUNCTION = YES;
				GCC_WARN_UNUSED_VARIABLE = YES;
				IPHONEOS_DEPLOYMENT_TARGET = 11.3;
				MTL_ENABLE_DEBUG_INFO = YES;
				ONLY_ACTIVE_ARCH = YES;
				SDKROOT = iphoneos;
				SWIFT_ACTIVE_COMPILATION_CONDITIONS = DEBUG;
				SWIFT_OPTIMIZATION_LEVEL = "-Onone";
			};
			name = Debug;
		};
		E75AF9C220B23FEC000B9BDD /* Release */ = {
			isa = XCBuildConfiguration;
			buildSettings = {
				ALWAYS_SEARCH_USER_PATHS = NO;
				CLANG_ANALYZER_NONNULL = YES;
				CLANG_ANALYZER_NUMBER_OBJECT_CONVERSION = YES_AGGRESSIVE;
				CLANG_CXX_LANGUAGE_STANDARD = "gnu++14";
				CLANG_CXX_LIBRARY = "libc++";
				CLANG_ENABLE_MODULES = YES;
				CLANG_ENABLE_OBJC_ARC = YES;
				CLANG_ENABLE_OBJC_WEAK = YES;
				CLANG_WARN_BLOCK_CAPTURE_AUTORELEASING = YES;
				CLANG_WARN_BOOL_CONVERSION = YES;
				CLANG_WARN_COMMA = YES;
				CLANG_WARN_CONSTANT_CONVERSION = YES;
				CLANG_WARN_DEPRECATED_OBJC_IMPLEMENTATIONS = YES;
				CLANG_WARN_DIRECT_OBJC_ISA_USAGE = YES_ERROR;
				CLANG_WARN_DOCUMENTATION_COMMENTS = YES;
				CLANG_WARN_EMPTY_BODY = YES;
				CLANG_WARN_ENUM_CONVERSION = YES;
				CLANG_WARN_INFINITE_RECURSION = YES;
				CLANG_WARN_INT_CONVERSION = YES;
				CLANG_WARN_NON_LITERAL_NULL_CONVERSION = YES;
				CLANG_WARN_OBJC_IMPLICIT_RETAIN_SELF = YES;
				CLANG_WARN_OBJC_LITERAL_CONVERSION = YES;
				CLANG_WARN_OBJC_ROOT_CLASS = YES_ERROR;
				CLANG_WARN_RANGE_LOOP_ANALYSIS = YES;
				CLANG_WARN_STRICT_PROTOTYPES = YES;
				CLANG_WARN_SUSPICIOUS_MOVE = YES;
				CLANG_WARN_UNGUARDED_AVAILABILITY = YES_AGGRESSIVE;
				CLANG_WARN_UNREACHABLE_CODE = YES;
				CLANG_WARN__DUPLICATE_METHOD_MATCH = YES;
				CODE_SIGN_IDENTITY = "iPhone Developer";
				COPY_PHASE_STRIP = NO;
				DEBUG_INFORMATION_FORMAT = "dwarf-with-dsym";
				ENABLE_NS_ASSERTIONS = NO;
				ENABLE_STRICT_OBJC_MSGSEND = YES;
				GCC_C_LANGUAGE_STANDARD = gnu11;
				GCC_NO_COMMON_BLOCKS = YES;
				GCC_WARN_64_TO_32_BIT_CONVERSION = YES;
				GCC_WARN_ABOUT_RETURN_TYPE = YES_ERROR;
				GCC_WARN_UNDECLARED_SELECTOR = YES;
				GCC_WARN_UNINITIALIZED_AUTOS = YES_AGGRESSIVE;
				GCC_WARN_UNUSED_FUNCTION = YES;
				GCC_WARN_UNUSED_VARIABLE = YES;
				IPHONEOS_DEPLOYMENT_TARGET = 11.3;
				MTL_ENABLE_DEBUG_INFO = NO;
				SDKROOT = iphoneos;
				SWIFT_COMPILATION_MODE = wholemodule;
				SWIFT_OPTIMIZATION_LEVEL = "-O";
				VALIDATE_PRODUCT = YES;
			};
			name = Release;
		};
		E75AF9C420B23FEC000B9BDD /* Debug */ = {
			isa = XCBuildConfiguration;
			baseConfigurationReference = 547DC45A7FCE0E40E7D86527 /* Pods-ran01.debug.xcconfig */;
			buildSettings = {
				ASSETCATALOG_COMPILER_APPICON_NAME = AppIcon;
				CODE_SIGN_STYLE = Automatic;
				DEVELOPMENT_TEAM = 47SQKMHA2B;
				INFOPLIST_FILE = ran01/Info.plist;
				LD_RUNPATH_SEARCH_PATHS = (
					"$(inherited)",
					"@executable_path/Frameworks",
				);
				PRODUCT_BUNDLE_IDENTIFIER = com.gmail.kokitabayashi.ran01;
				PRODUCT_NAME = "$(TARGET_NAME)";
				SWIFT_VERSION = 4.0;
				TARGETED_DEVICE_FAMILY = "1,2";
			};
			name = Debug;
		};
		E75AF9C520B23FEC000B9BDD /* Release */ = {
			isa = XCBuildConfiguration;
			baseConfigurationReference = AB22177D99947E444B98382B /* Pods-ran01.release.xcconfig */;
			buildSettings = {
				ASSETCATALOG_COMPILER_APPICON_NAME = AppIcon;
				CODE_SIGN_STYLE = Automatic;
				DEVELOPMENT_TEAM = 47SQKMHA2B;
				INFOPLIST_FILE = ran01/Info.plist;
				LD_RUNPATH_SEARCH_PATHS = (
					"$(inherited)",
					"@executable_path/Frameworks",
				);
				PRODUCT_BUNDLE_IDENTIFIER = com.gmail.kokitabayashi.ran01;
				PRODUCT_NAME = "$(TARGET_NAME)";
				SWIFT_VERSION = 4.0;
				TARGETED_DEVICE_FAMILY = "1,2";
			};
			name = Release;
		};
/* End XCBuildConfiguration section */

/* Begin XCConfigurationList section */
		E75AF9AA20B23FEA000B9BDD /* Build configuration list for PBXProject "ran01" */ = {
			isa = XCConfigurationList;
			buildConfigurations = (
				E75AF9C120B23FEC000B9BDD /* Debug */,
				E75AF9C220B23FEC000B9BDD /* Release */,
			);
			defaultConfigurationIsVisible = 0;
			defaultConfigurationName = Release;
		};
		E75AF9C320B23FEC000B9BDD /* Build configuration list for PBXNativeTarget "ran01" */ = {
			isa = XCConfigurationList;
			buildConfigurations = (
				E75AF9C420B23FEC000B9BDD /* Debug */,
				E75AF9C520B23FEC000B9BDD /* Release */,
			);
			defaultConfigurationIsVisible = 0;
			defaultConfigurationName = Release;
		};
/* End XCConfigurationList section */
	};
	rootObject = E75AF9A720B23FEA000B9BDD /* Project object */;
}
